
Microsoft Visual Studio Solution File, Format Version 12.00
# Visual Studio Version 16
VisualStudioVersion = 16.0.31205.134
MinimumVisualStudioVersion = 10.0.40219.1
Project("{FAE04EC0-301F-11D3-BF4B-00C04F79EFBC}") = "LoginDev", "LoginDev.csproj", "{1D72751B-75BD-461D-BC6E-B267F61EFF27}"
EndProject
Global
	GlobalSection(SolutionConfigurationPlatforms) = preSolution
		Debug|Any CPU = Debug|Any CPU
		Release|Any CPU = Release|Any CPU
	EndGlobalSection
	GlobalSection(ProjectConfigurationPlatforms) = postSolution
		{1D72751B-75BD-461D-BC6E-B267F61EFF27}.Debug|Any CPU.ActiveCfg = Debug|Any CPU
		{1D72751B-75BD-461D-BC6E-B267F61EFF27}.Debug|Any CPU.Build.0 = Debug|Any CPU
		{1D72751B-75BD-461D-BC6E-B267F61EFF27}.Release|Any CPU.ActiveCfg = Release|Any CPU
		{1D72751B-75BD-461D-BC6E-B267F61EFF27}.Release|Any CPU.Build.0 = Release|Any CPU
	EndGlobalSection
	GlobalSection(SolutionProperties) = preSolution
		HideSolutionNode = FALSE
	EndGlobalSection
	GlobalSection(ExtensibilityGlobals) = postSolution
		SolutionGuid = {2C65FCE0-A5A5-423F-B062-C774F1335278}
	EndGlobalSection
EndGlobal
